
Microsoft Visual Studio Solution File, Format Version 12.00
# Visual Studio Version 17
VisualStudioVersion = 17.11.35219.272
MinimumVisualStudioVersion = 10.0.40219.1
Project("{FAE04EC0-301F-11D3-BF4B-00C04F79EFBC}") = "RoomFinder.WebApi", "RoomFinder.WebApi\RoomFinder.WebApi.csproj", "{1600223B-3D4A-47CB-982A-A44C99867840}"
EndProject
Global
	GlobalSection(SolutionConfigurationPlatforms) = preSolution
		Debug|Any CPU = Debug|Any CPU
		Release|Any CPU = Release|Any CPU
	EndGlobalSection
	GlobalSection(ProjectConfigurationPlatforms) = postSolution
		{1600223B-3D4A-47CB-982A-A44C99867840}.Debug|Any CPU.ActiveCfg = Debug|Any CPU
		{1600223B-3D4A-47CB-982A-A44C99867840}.Debug|Any CPU.Build.0 = Debug|Any CPU
		{1600223B-3D4A-47CB-982A-A44C99867840}.Release|Any CPU.ActiveCfg = Release|Any CPU
		{1600223B-3D4A-47CB-982A-A44C99867840}.Release|Any CPU.Build.0 = Release|Any CPU
	EndGlobalSection
	GlobalSection(SolutionProperties) = preSolution
		HideSolutionNode = FALSE
	EndGlobalSection
	GlobalSection(ExtensibilityGlobals) = postSolution
		SolutionGuid = {557DBA53-99E9-43EF-8505-53A37560DA76}
	EndGlobalSection
EndGlobal
